// !$*UTF8*$!
{
	archiveVersion = 1;
	classes = {
	};
	objectVersion = 55;
	objects = {

/* Begin PBXBuildFile section */
		1429A91A28199AC700070185 /* EditPageViewController.swift in Sources */ = {isa = PBXBuildFile; fileRef = 1429A91928199AC700070185 /* EditPageViewController.swift */; };
		148CEE1F281A4DE500434EF9 /* Fridge+CoreDataClass.swift in Sources */ = {isa = PBXBuildFile; fileRef = 148CEE1D281A4DE500434EF9 /* Fridge+CoreDataClass.swift */; };
		148CEE20281A4DE500434EF9 /* Fridge+CoreDataProperties.swift in Sources */ = {isa = PBXBuildFile; fileRef = 148CEE1E281A4DE500434EF9 /* Fridge+CoreDataProperties.swift */; };
		14B6E4132818D5C700D5186D /* AppDelegate.swift in Sources */ = {isa = PBXBuildFile; fileRef = 14B6E4122818D5C700D5186D /* AppDelegate.swift */; };
		14B6E4152818D5C700D5186D /* SceneDelegate.swift in Sources */ = {isa = PBXBuildFile; fileRef = 14B6E4142818D5C700D5186D /* SceneDelegate.swift */; };
		14B6E4172818D5C700D5186D /* ViewController.swift in Sources */ = {isa = PBXBuildFile; fileRef = 14B6E4162818D5C700D5186D /* ViewController.swift */; };
		14B6E41A2818D5C700D5186D /* Main.storyboard in Resources */ = {isa = PBXBuildFile; fileRef = 14B6E4182818D5C700D5186D /* Main.storyboard */; };
		14B6E41D2818D5C700D5186D /* MyFridge.xcdatamodeld in Sources */ = {isa = PBXBuildFile; fileRef = 14B6E41B2818D5C700D5186D /* MyFridge.xcdatamodeld */; };
		14B6E41F2818D5CA00D5186D /* Assets.xcassets in Resources */ = {isa = PBXBuildFile; fileRef = 14B6E41E2818D5CA00D5186D /* Assets.xcassets */; };
		14B6E4222818D5CA00D5186D /* LaunchScreen.storyboard in Resources */ = {isa = PBXBuildFile; fileRef = 14B6E4202818D5CA00D5186D /* LaunchScreen.storyboard */; };
		14B6E42A2818D99300D5186D /* CustomCollectionViewCell.swift in Sources */ = {isa = PBXBuildFile; fileRef = 14B6E4292818D99300D5186D /* CustomCollectionViewCell.swift */; };
		14B6E42C2818E45100D5186D /* ItemDetail.swift in Sources */ = {isa = PBXBuildFile; fileRef = 14B6E42B2818E45100D5186D /* ItemDetail.swift */; };
		14B6E42E2818F10300D5186D /* ItemDetailViewController.swift in Sources */ = {isa = PBXBuildFile; fileRef = 14B6E42D2818F10300D5186D /* ItemDetailViewController.swift */; };
/* End PBXBuildFile section */

/* Begin PBXFileReference section */
		1429A91928199AC700070185 /* EditPageViewController.swift */ = {isa = PBXFileReference; lastKnownFileType = sourcecode.swift; path = EditPageViewController.swift; sourceTree = "<group>"; };
		148CEE1D281A4DE500434EF9 /* Fridge+CoreDataClass.swift */ = {isa = PBXFileReference; lastKnownFileType = sourcecode.swift; path = "Fridge+CoreDataClass.swift"; sourceTree = "<group>"; };
		148CEE1E281A4DE500434EF9 /* Fridge+CoreDataProperties.swift */ = {isa = PBXFileReference; lastKnownFileType = sourcecode.swift; path = "Fridge+CoreDataProperties.swift"; sourceTree = "<group>"; };
		14B6E40F2818D5C700D5186D /* MyFridge.app */ = {isa = PBXFileReference; explicitFileType = wrapper.application; includeInIndex = 0; path = MyFridge.app; sourceTree = BUILT_PRODUCTS_DIR; };
		14B6E4122818D5C700D5186D /* AppDelegate.swift */ = {isa = PBXFileReference; lastKnownFileType = sourcecode.swift; path = AppDelegate.swift; sourceTree = "<group>"; };
		14B6E4142818D5C700D5186D /* SceneDelegate.swift */ = {isa = PBXFileReference; lastKnownFileType = sourcecode.swift; path = SceneDelegate.swift; sourceTree = "<group>"; };
		14B6E4162818D5C700D5186D /* ViewController.swift */ = {isa = PBXFileReference; lastKnownFileType = sourcecode.swift; path = ViewController.swift; sourceTree = "<group>"; };
		14B6E4192818D5C700D5186D /* Base */ = {isa = PBXFileReference; lastKnownFileType = file.storyboard; name = Base; path = Base.lproj/Main.storyboard; sourceTree = "<group>"; };
		14B6E41C2818D5C700D5186D /* MyFridge.xcdatamodel */ = {isa = PBXFileReference; lastKnownFileType = wrapper.xcdatamodel; path = MyFridge.xcdatamodel; sourceTree = "<group>"; };
		14B6E41E2818D5CA00D5186D /* Assets.xcassets */ = {isa = PBXFileReference; lastKnownFileType = folder.assetcatalog; path = Assets.xcassets; sourceTree = "<group>"; };
		14B6E4212818D5CA00D5186D /* Base */ = {isa = PBXFileReference; lastKnownFileType = file.storyboard; name = Base; path = Base.lproj/LaunchScreen.storyboard; sourceTree = "<group>"; };
		14B6E4232818D5CA00D5186D /* Info.plist */ = {isa = PBXFileReference; lastKnownFileType = text.plist.xml; path = Info.plist; sourceTree = "<group>"; };
		14B6E4292818D99300D5186D /* CustomCollectionViewCell.swift */ = {isa = PBXFileReference; lastKnownFileType = sourcecode.swift; path = CustomCollectionViewCell.swift; sourceTree = "<group>"; };
		14B6E42B2818E45100D5186D /* ItemDetail.swift */ = {isa = PBXFileReference; lastKnownFileType = sourcecode.swift; path = ItemDetail.swift; sourceTree = "<group>"; };
		14B6E42D2818F10300D5186D /* ItemDetailViewController.swift */ = {isa = PBXFileReference; lastKnownFileType = sourcecode.swift; path = ItemDetailViewController.swift; sourceTree = "<group>"; };
/* End PBXFileReference section */

/* Begin PBXFrameworksBuildPhase section */
		14B6E40C2818D5C700D5186D /* Frameworks */ = {
			isa = PBXFrameworksBuildPhase;
			buildActionMask = 2147483647;
			files = (
			);
			runOnlyForDeploymentPostprocessing = 0;
		};
/* End PBXFrameworksBuildPhase section */

/* Begin PBXGroup section */
		14B6E4062818D5C600D5186D = {
			isa = PBXGroup;
			children = (
				148CEE1D281A4DE500434EF9 /* Fridge+CoreDataClass.swift */,
				148CEE1E281A4DE500434EF9 /* Fridge+CoreDataProperties.swift */,
				14B6E4112818D5C700D5186D /* MyFridge */,
				14B6E4102818D5C700D5186D /* Products */,
			);
			sourceTree = "<group>";
		};
		14B6E4102818D5C700D5186D /* Products */ = {
			isa = PBXGroup;
			children = (
				14B6E40F2818D5C700D5186D /* MyFridge.app */,
			);
			name = Products;
			sourceTree = "<group>";
		};
		14B6E4112818D5C700D5186D /* MyFridge */ = {
			isa = PBXGroup;
			children = (
				14B6E4122818D5C700D5186D /* AppDelegate.swift */,
				14B6E4142818D5C700D5186D /* SceneDelegate.swift */,
				14B6E4162818D5C700D5186D /* ViewController.swift */,
				14B6E42B2818E45100D5186D /* ItemDetail.swift */,
				14B6E4182818D5C700D5186D /* Main.storyboard */,
				1429A91928199AC700070185 /* EditPageViewController.swift */,
				14B6E42D2818F10300D5186D /* ItemDetailViewController.swift */,
				14B6E4292818D99300D5186D /* CustomCollectionViewCell.swift */,
				14B6E41E2818D5CA00D5186D /* Assets.xcassets */,
				14B6E4202818D5CA00D5186D /* LaunchScreen.storyboard */,
				14B6E4232818D5CA00D5186D /* Info.plist */,
				14B6E41B2818D5C700D5186D /* MyFridge.xcdatamodeld */,
			);
			path = MyFridge;
			sourceTree = "<group>";
		};
/* End PBXGroup section */

/* Begin PBXNativeTarget section */
		14B6E40E2818D5C700D5186D /* MyFridge */ = {
			isa = PBXNativeTarget;
			buildConfigurationList = 14B6E4262818D5CA00D5186D /* Build configuration list for PBXNativeTarget "MyFridge" */;
			buildPhases = (
				14B6E40B2818D5C700D5186D /* Sources */,
				14B6E40C2818D5C700D5186D /* Frameworks */,
				14B6E40D2818D5C700D5186D /* Resources */,
			);
			buildRules = (
			);
			dependencies = (
			);
			name = MyFridge;
			productName = MyFridge;
			productReference = 14B6E40F2818D5C700D5186D /* MyFridge.app */;
			productType = "com.apple.product-type.application";
		};
/* End PBXNativeTarget section */

/* Begin PBXProject section */
		14B6E4072818D5C600D5186D /* Project object */ = {
			isa = PBXProject;
			attributes = {
				BuildIndependentTargetsInParallel = 1;
				LastSwiftUpdateCheck = 1330;
				LastUpgradeCheck = 1330;
				TargetAttributes = {
					14B6E40E2818D5C700D5186D = {
						CreatedOnToolsVersion = 13.3.1;
					};
				};
			};
			buildConfigurationList = 14B6E40A2818D5C600D5186D /* Build configuration list for PBXProject "MyFridge" */;
			compatibilityVersion = "Xcode 13.0";
			developmentRegion = en;
			hasScannedForEncodings = 0;
			knownRegions = (
				en,
				Base,
			);
			mainGroup = 14B6E4062818D5C600D5186D;
			productRefGroup = 14B6E4102818D5C700D5186D /* Products */;
			projectDirPath = "";
			projectRoot = "";
			targets = (
				14B6E40E2818D5C700D5186D /* MyFridge */,
			);
		};
/* End PBXProject section */

/* Begin PBXResourcesBuildPhase section */
		14B6E40D2818D5C700D5186D /* Resources */ = {
			isa = PBXResourcesBuildPhase;
			buildActionMask = 2147483647;
			files = (
				14B6E4222818D5CA00D5186D /* LaunchScreen.storyboard in Resources */,
				14B6E41F2818D5CA00D5186D /* Assets.xcassets in Resources */,
				14B6E41A2818D5C700D5186D /* Main.storyboard in Resources */,
			);
			runOnlyForDeploymentPostprocessing = 0;
		};
/* End PBXResourcesBuildPhase section */

/* Begin PBXSourcesBuildPhase section */
		14B6E40B2818D5C700D5186D /* Sources */ = {
			isa = PBXSourcesBuildPhase;
			buildActionMask = 2147483647;
			files = (
				14B6E41D2818D5C700D5186D /* MyFridge.xcdatamodeld in Sources */,
				1429A91A28199AC700070185 /* EditPageViewController.swift in Sources */,
				148CEE20281A4DE500434EF9 /* Fridge+CoreDataProperties.swift in Sources */,
				14B6E42E2818F10300D5186D /* ItemDetailViewController.swift in Sources */,
				14B6E42C2818E45100D5186D /* ItemDetail.swift in Sources */,
				14B6E42A2818D99300D5186D /* CustomCollectionViewCell.swift in Sources */,
				14B6E4172818D5C700D5186D /* ViewController.swift in Sources */,
				14B6E4132818D5C700D5186D /* AppDelegate.swift in Sources */,
				14B6E4152818D5C700D5186D /* SceneDelegate.swift in Sources */,
				148CEE1F281A4DE500434EF9 /* Fridge+CoreDataClass.swift in Sources */,
			);
			runOnlyForDeploymentPostprocessing = 0;
		};
/* End PBXSourcesBuildPhase section */

/* Begin PBXVariantGroup section */
		14B6E4182818D5C700D5186D /* Main.storyboard */ = {
			isa = PBXVariantGroup;
			children = (
				14B6E4192818D5C700D5186D /* Base */,
			);
			name = Main.storyboard;
			sourceTree = "<group>";
		};
		14B6E4202818D5CA00D5186D /* LaunchScreen.storyboard */ = {
			isa = PBXVariantGroup;
			children = (
				14B6E4212818D5CA00D5186D /* Base */,
			);
			name = LaunchScreen.storyboard;
			sourceTree = "<group>";
		};
/* End PBXVariantGroup section */

/* Begin XCBuildConfiguration section */
		14B6E4242818D5CA00D5186D /* Debug */ = {
			isa = XCBuildConfiguration;
			buildSettings = {
				ALWAYS_SEARCH_USER_PATHS = NO;
				CLANG_ANALYZER_NONNULL = YES;
				CLANG_ANALYZER_NUMBER_OBJECT_CONVERSION = YES_AGGRESSIVE;
				CLANG_CXX_LANGUAGE_STANDARD = "gnu++17";
				CLANG_ENABLE_MODULES = YES;
				CLANG_ENABLE_OBJC_ARC = YES;
				CLANG_ENABLE_OBJC_WEAK = YES;
				CLANG_WARN_BLOCK_CAPTURE_AUTORELEASING = YES;
				CLANG_WARN_BOOL_CONVERSION = YES;
				CLANG_WARN_COMMA = YES;
				CLANG_WARN_CONSTANT_CONVERSION = YES;
				CLANG_WARN_DEPRECATED_OBJC_IMPLEMENTATIONS = YES;
				CLANG_WARN_DIRECT_OBJC_ISA_USAGE = YES_ERROR;
				CLANG_WARN_DOCUMENTATION_COMMENTS = YES;
				CLANG_WARN_EMPTY_BODY = YES;
				CLANG_WARN_ENUM_CONVERSION = YES;
				CLANG_WARN_INFINITE_RECURSION = YES;
				CLANG_WARN_INT_CONVERSION = YES;
				CLANG_WARN_NON_LITERAL_NULL_CONVERSION = YES;
				CLANG_WARN_OBJC_IMPLICIT_RETAIN_SELF = YES;
				CLANG_WARN_OBJC_LITERAL_CONVERSION = YES;
				CLANG_WARN_OBJC_ROOT_CLASS = YES_ERROR;
				CLANG_WARN_QUOTED_INCLUDE_IN_FRAMEWORK_HEADER = YES;
				CLANG_WARN_RANGE_LOOP_ANALYSIS = YES;
				CLANG_WARN_STRICT_PROTOTYPES = YES;
				CLANG_WARN_SUSPICIOUS_MOVE = YES;
				CLANG_WARN_UNGUARDED_AVAILABILITY = YES_AGGRESSIVE;
				CLANG_WARN_UNREACHABLE_CODE = YES;
				CLANG_WARN__DUPLICATE_METHOD_MATCH = YES;
				COPY_PHASE_STRIP = NO;
				DEBUG_INFORMATION_FORMAT = dwarf;
				ENABLE_STRICT_OBJC_MSGSEND = YES;
				ENABLE_TESTABILITY = YES;
				GCC_C_LANGUAGE_STANDARD = gnu11;
				GCC_DYNAMIC_NO_PIC = NO;
				GCC_NO_COMMON_BLOCKS = YES;
				GCC_OPTIMIZATION_LEVEL = 0;
				GCC_PREPROCESSOR_DEFINITIONS = (
					"DEBUG=1",
					"$(inherited)",
				);
				GCC_WARN_64_TO_32_BIT_CONVERSION = YES;
				GCC_WARN_ABOUT_RETURN_TYPE = YES_ERROR;
				GCC_WARN_UNDECLARED_SELECTOR = YES;
				GCC_WARN_UNINITIALIZED_AUTOS = YES_AGGRESSIVE;
				GCC_WARN_UNUSED_FUNCTION = YES;
				GCC_WARN_UNUSED_VARIABLE = YES;
				IPHONEOS_DEPLOYMENT_TARGET = 15.4;
				MTL_ENABLE_DEBUG_INFO = INCLUDE_SOURCE;
				MTL_FAST_MATH = YES;
				ONLY_ACTIVE_ARCH = YES;
				SDKROOT = iphoneos;
				SWIFT_ACTIVE_COMPILATION_CONDITIONS = DEBUG;
				SWIFT_OPTIMIZATION_LEVEL = "-Onone";
			};
			name = Debug;
		};
		14B6E4252818D5CA00D5186D /* Release */ = {
			isa = XCBuildConfiguration;
			buildSettings = {
				ALWAYS_SEARCH_USER_PATHS = NO;
				CLANG_ANALYZER_NONNULL = YES;
				CLANG_ANALYZER_NUMBER_OBJECT_CONVERSION = YES_AGGRESSIVE;
				CLANG_CXX_LANGUAGE_STANDARD = "gnu++17";
				CLANG_ENABLE_MODULES = YES;
				CLANG_ENABLE_OBJC_ARC = YES;
				CLANG_ENABLE_OBJC_WEAK = YES;
				CLANG_WARN_BLOCK_CAPTURE_AUTORELEASING = YES;
				CLANG_WARN_BOOL_CONVERSION = YES;
				CLANG_WARN_COMMA = YES;
				CLANG_WARN_CONSTANT_CONVERSION = YES;
				CLANG_WARN_DEPRECATED_OBJC_IMPLEMENTATIONS = YES;
				CLANG_WARN_DIRECT_OBJC_ISA_USAGE = YES_ERROR;
				CLANG_WARN_DOCUMENTATION_COMMENTS = YES;
				CLANG_WARN_EMPTY_BODY = YES;
				CLANG_WARN_ENUM_CONVERSION = YES;
				CLANG_WARN_INFINITE_RECURSION = YES;
				CLANG_WARN_INT_CONVERSION = YES;
				CLANG_WARN_NON_LITERAL_NULL_CONVERSION = YES;
				CLANG_WARN_OBJC_IMPLICIT_RETAIN_SELF = YES;
				CLANG_WARN_OBJC_LITERAL_CONVERSION = YES;
				CLANG_WARN_OBJC_ROOT_CLASS = YES_ERROR;
				CLANG_WARN_QUOTED_INCLUDE_IN_FRAMEWORK_HEADER = YES;
				CLANG_WARN_RANGE_LOOP_ANALYSIS = YES;
				CLANG_WARN_STRICT_PROTOTYPES = YES;
				CLANG_WARN_SUSPICIOUS_MOVE = YES;
				CLANG_WARN_UNGUARDED_AVAILABILITY = YES_AGGRESSIVE;
				CLANG_WARN_UNREACHABLE_CODE = YES;
				CLANG_WARN__DUPLICATE_METHOD_MATCH = YES;
				COPY_PHASE_STRIP = NO;
				DEBUG_INFORMATION_FORMAT = "dwarf-with-dsym";
				ENABLE_NS_ASSERTIONS = NO;
				ENABLE_STRICT_OBJC_MSGSEND = YES;
				GCC_C_LANGUAGE_STANDARD = gnu11;
				GCC_NO_COMMON_BLOCKS = YES;
				GCC_WARN_64_TO_32_BIT_CONVERSION = YES;
				GCC_WARN_ABOUT_RETURN_TYPE = YES_ERROR;
				GCC_WARN_UNDECLARED_SELECTOR = YES;
				GCC_WARN_UNINITIALIZED_AUTOS = YES_AGGRESSIVE;
				GCC_WARN_UNUSED_FUNCTION = YES;
				GCC_WARN_UNUSED_VARIABLE = YES;
				IPHONEOS_DEPLOYMENT_TARGET = 15.4;
				MTL_ENABLE_DEBUG_INFO = NO;
				MTL_FAST_MATH = YES;
				SDKROOT = iphoneos;
				SWIFT_COMPILATION_MODE = wholemodule;
				SWIFT_OPTIMIZATION_LEVEL = "-O";
				VALIDATE_PRODUCT = YES;
			};
			name = Release;
		};
		14B6E4272818D5CA00D5186D /* Debug */ = {
			isa = XCBuildConfiguration;
			buildSettings = {
				ASSETCATALOG_COMPILER_APPICON_NAME = AppIcon;
				ASSETCATALOG_COMPILER_GLOBAL_ACCENT_COLOR_NAME = AccentColor;
				CODE_SIGN_STYLE = Automatic;
				CURRENT_PROJECT_VERSION = 1;
				DEVELOPMENT_TEAM = 5CDJ7K2756;
				GENERATE_INFOPLIST_FILE = YES;
				INFOPLIST_FILE = MyFridge/Info.plist;
				INFOPLIST_KEY_UIApplicationSupportsIndirectInputEvents = YES;
				INFOPLIST_KEY_UILaunchStoryboardName = LaunchScreen;
				INFOPLIST_KEY_UIMainStoryboardFile = Main;
				INFOPLIST_KEY_UISupportedInterfaceOrientations_iPad = "UIInterfaceOrientationPortrait UIInterfaceOrientationPortraitUpsideDown UIInterfaceOrientationLandscapeLeft UIInterfaceOrientationLandscapeRight";
				INFOPLIST_KEY_UISupportedInterfaceOrientations_iPhone = "UIInterfaceOrientationPortrait UIInterfaceOrientationLandscapeLeft UIInterfaceOrientationLandscapeRight";
				LD_RUNPATH_SEARCH_PATHS = (
					"$(inherited)",
					"@executable_path/Frameworks",
				);
				MARKETING_VERSION = 1.0;
				PRODUCT_BUNDLE_IDENTIFIER = com.portfolioaudrey.MyFridge;
				PRODUCT_NAME = "$(TARGET_NAME)";
				SWIFT_EMIT_LOC_STRINGS = YES;
				SWIFT_VERSION = 5.0;
				TARGETED_DEVICE_FAMILY = "1,2";
			};
			name = Debug;
		};
		14B6E4282818D5CA00D5186D /* Release */ = {
			isa = XCBuildConfiguration;
			buildSettings = {
				ASSETCATALOG_COMPILER_APPICON_NAME = AppIcon;
				ASSETCATALOG_COMPILER_GLOBAL_ACCENT_COLOR_NAME = AccentColor;
				CODE_SIGN_STYLE = Automatic;
				CURRENT_PROJECT_VERSION = 1;
				DEVELOPMENT_TEAM = 5CDJ7K2756;
				GENERATE_INFOPLIST_FILE = YES;
				INFOPLIST_FILE = MyFridge/Info.plist;
				INFOPLIST_KEY_UIApplicationSupportsIndirectInputEvents = YES;
				INFOPLIST_KEY_UILaunchStoryboardName = LaunchScreen;
				INFOPLIST_KEY_UIMainStoryboardFile = Main;
				INFOPLIST_KEY_UISupportedInterfaceOrientations_iPad = "UIInterfaceOrientationPortrait UIInterfaceOrientationPortraitUpsideDown UIInterfaceOrientationLandscapeLeft UIInterfaceOrientationLandscapeRight";
				INFOPLIST_KEY_UISupportedInterfaceOrientations_iPhone = "UIInterfaceOrientationPortrait UIInterfaceOrientationLandscapeLeft UIInterfaceOrientationLandscapeRight";
				LD_RUNPATH_SEARCH_PATHS = (
					"$(inherited)",
					"@executable_path/Frameworks",
				);
				MARKETING_VERSION = 1.0;
				PRODUCT_BUNDLE_IDENTIFIER = com.portfolioaudrey.MyFridge;
				PRODUCT_NAME = "$(TARGET_NAME)";
				SWIFT_EMIT_LOC_STRINGS = YES;
				SWIFT_VERSION = 5.0;
				TARGETED_DEVICE_FAMILY = "1,2";
			};
			name = Release;
		};
/* End XCBuildConfiguration section */

/* Begin XCConfigurationList section */
		14B6E40A2818D5C600D5186D /* Build configuration list for PBXProject "MyFridge" */ = {
			isa = XCConfigurationList;
			buildConfigurations = (
				14B6E4242818D5CA00D5186D /* Debug */,
				14B6E4252818D5CA00D5186D /* Release */,
			);
			defaultConfigurationIsVisible = 0;
			defaultConfigurationName = Release;
		};
		14B6E4262818D5CA00D5186D /* Build configuration list for PBXNativeTarget "MyFridge" */ = {
			isa = XCConfigurationList;
			buildConfigurations = (
				14B6E4272818D5CA00D5186D /* Debug */,
				14B6E4282818D5CA00D5186D /* Release */,
			);
			defaultConfigurationIsVisible = 0;
			defaultConfigurationName = Release;
		};
/* End XCConfigurationList section */

/* Begin XCVersionGroup section */
		14B6E41B2818D5C700D5186D /* MyFridge.xcdatamodeld */ = {
			isa = XCVersionGroup;
			children = (
				14B6E41C2818D5C700D5186D /* MyFridge.xcdatamodel */,
			);
			currentVersion = 14B6E41C2818D5C700D5186D /* MyFridge.xcdatamodel */;
			path = MyFridge.xcdatamodeld;
			sourceTree = "<group>";
			versionGroupType = wrapper.xcdatamodel;
		};
/* End XCVersionGroup section */
	};
	rootObject = 14B6E4072818D5C600D5186D /* Project object */;
}
